
Microsoft Visual Studio Solution File, Format Version 12.00
# Visual Studio 14
VisualStudioVersion = 14.0.25420.1
MinimumVisualStudioVersion = 10.0.40219.1
Project("{2150E333-8FDC-42A3-9474-1A3956D46DE8}") = "Solution Items", "Solution Items", "{CF8DC2EE-0F9B-408C-8661-18CB2BFCED5B}"
	ProjectSection(SolutionItems) = preProject
		ActivityAudit.asp = ActivityAudit.asp
		Admin.asp = Admin.asp
		AliasAddEdit.asp = AliasAddEdit.asp
		AliasSelect.asp = AliasSelect.asp
		AppOptionSelect.asp = AppOptionSelect.asp
		ArcFindResults.asp = ArcFindResults.asp
		Archive.asp = Archive.asp
		ArchiveExecute.asp = ArchiveExecute.asp
		ArchiveMenu.asp = ArchiveMenu.asp
		ArchiveReports.asp = ArchiveReports.asp
		ArcPrintReview.asp = ArcPrintReview.asp
		blank.html = blank.html
		CaseAddEdit.asp = CaseAddEdit.asp
		CaseAddEditDupChk.asp = CaseAddEditDupChk.asp
		CaseAddEditSave.asp = CaseAddEditSave.asp
		default.asp = default.asp
		downclickbutton.bmp = downclickbutton.bmp
		ElementAddEdit.asp = ElementAddEdit.asp
		ElementsCausalFactors.asp = ElementsCausalFactors.asp
		ElementSort.asp = ElementSort.asp
		FactorAddEdit.asp = FactorAddEdit.asp
		FindCase.asp = FindCase.asp
		FindCaseResults.asp = FindCaseResults.asp
		FindReReview.asp = FindReReview.asp
		FindReReviewResults.asp = FindReReviewResults.asp
		FindReview.asp = FindReview.asp
		FindReviewResults.asp = FindReviewResults.asp
		Help.asp = Help.asp
		ImportFactorDescr.asp = ImportFactorDescr.asp
		IncBuildList.asp = IncBuildList.asp
		IncCmnCliFunctions.asp = IncCmnCliFunctions.asp
		IncCmnFormFields.asp = IncCmnFormFields.asp
		IncCnn.asp = IncCnn.asp
		IncCriteriaControls.asp = IncCriteriaControls.asp
		IncDebug.asp = IncDebug.asp
		IncDefStyles.asp = IncDefStyles.asp
		IncDrillDownCli.asp = IncDrillDownCli.asp
		IncDrillDownSvr.asp = IncDrillDownSvr.asp
		IncFormDefBlank.asp = IncFormDefBlank.asp
		IncFormDefEdit.asp = IncFormDefEdit.asp
		IncFormsReportDef.asp = IncFormsReportDef.asp
		IncGetAppSetting.asp = IncGetAppSetting.asp
		IncGlobals.asp = IncGlobals.asp
		IncInteliType.asp = IncInteliType.asp
		IncNavigateControls.asp = IncNavigateControls.asp
		IncReportPrintCrt.asp = IncReportPrintCrt.asp
		IncReRevDefBlank.asp = IncReRevDefBlank.asp
		IncReRevDefEdit.asp = IncReRevDefEdit.asp
		IncRptExpParms.asp = IncRptExpParms.asp
		IncRptFooter.asp = IncRptFooter.asp
		IncRptHeader.asp = IncRptHeader.asp
		IncRptStyles.asp = IncRptStyles.asp
		IncSvrFunctions.asp = IncSvrFunctions.asp
		IncTableStyles.asp = IncTableStyles.asp
		IncValidUser.asp = IncValidUser.asp
		IncWriteFormField.asp = IncWriteFormField.asp
		IncWriteOptionList.asp = IncWriteOptionList.asp
		IncWriteTableCell.asp = IncWriteTableCell.asp
		ListAddEdit.asp = ListAddEdit.asp
		ListSelect.asp = ListSelect.asp
		Logon.asp = Logon.asp
		Main.asp = Main.asp
		MainReviewList.asp = MainReviewList.asp
		PrintReReview.asp = PrintReReview.asp
		PrintReview.asp = PrintReview.asp
		ReportEdit.asp = ReportEdit.asp
		ReportExport.asp = ReportExport.asp
		Reports.asp = Reports.asp
		ReportsLaunch.asp = ReportsLaunch.asp
		ReportsStaffSearch.asp = ReportsStaffSearch.asp
		ReReviewAddEdit.asp = ReReviewAddEdit.asp
		ReReviewAddEditSave.asp = ReReviewAddEditSave.asp
		ReReviewGetReview.asp = ReReviewGetReview.asp
		ReReviewHistory.asp = ReReviewHistory.asp
		ReviewGuide.asp = ReviewGuide.asp
		ReviewTypeAddEdit.asp = ReviewTypeAddEdit.asp
		ReviewTypeSelect.asp = ReviewTypeSelect.asp
		rg2.jpg = rg2.jpg
		RptArcDetail.asp = RptArcDetail.asp
		RptArcEmployeeHistory.asp = RptArcEmployeeHistory.asp
		RptAuditHistory.asp = RptAuditHistory.asp
		RptCaseErrDet.asp = RptCaseErrDet.asp
		RptCaseErrSum.asp = RptCaseErrSum.asp
		RptCausalFactorSummary.asp = RptCausalFactorSummary.asp
		RptDetail.asp = RptDetail.asp
		RptElementFactorList.asp = RptElementFactorList.asp
		RptEligElemComments.asp = RptEligElemComments.asp
		RptEligElemDetail.asp = RptEligElemDetail.asp
		RptEligElemOVTrend.asp = RptEligElemOVTrend.asp
		RptEligElemSum.asp = RptEligElemSum.asp
		RptEmployeePerformance.asp = RptEmployeePerformance.asp
		RptReportDetails.asp = RptReportDetails.asp
		RptReReviewEligElemSum.asp = RptReReviewEligElemSum.asp
		RptReReviewErrSum.asp = RptReReviewErrSum.asp
		RptResponseDue.asp = RptResponseDue.asp
		RptReviewerCount.asp = RptReviewerCount.asp
		RptUnsubmitted.asp = RptUnsubmitted.asp
		SecurityRoleAddEdit.asp = SecurityRoleAddEdit.asp
		SelectColor.asp = SelectColor.asp
		SQLQueries.asp = SQLQueries.asp
		StaffSearch.asp = StaffSearch.asp
		UsersAddEdit.asp = UsersAddEdit.asp
		UsersSelect.asp = UsersSelect.asp
		WindowLaunch.asp = WindowLaunch.asp
	EndProjectSection
EndProject
Global
	GlobalSection(SolutionProperties) = preSolution
		HideSolutionNode = FALSE
	EndGlobalSection
EndGlobal
